{
	"name": "oribella",
	"version": "0.8.2",
	"lockfileVersion": 1,
	"requires": true,
	"dependencies": {
		"oribella-framework": {
			"version": "0.10.3",
			"resolved": "https://registry.npmjs.org/oribella-framework/-/oribella-framework-0.10.3.tgz",
			"integrity": "sha1-DbImpHninO3O4XHFgN259eZEbKI=",
			"requires": {
				"tslib": "1.9.0"
			}
		},
		"tslib": {
			"version": "1.9.0",
			"resolved": "https://registry.npmjs.org/tslib/-/tslib-1.9.0.tgz",
			"integrity": "sha512-f/qGG2tUkrISBlQZEjEqoZ3B2+npJjIf04H1wuAv9iA8i04Icp+61KRXxFdha22670NJopsZCIjhC3SnjPRKrQ=="
		}
	}
}
